
Microsoft Visual Studio Solution File, Format Version 12.00
# Visual Studio 15
VisualStudioVersion = 15.0.27004.2005
MinimumVisualStudioVersion = 10.0.40219.1
Project("{FAE04EC0-301F-11D3-BF4B-00C04F79EFBC}") = "PolicyApp", "PolicyApp\PolicyApp.csproj", "{D12D7774-F0C0-473A-AE09-4E4347AAAF50}"
EndProject
Project("{FAE04EC0-301F-11D3-BF4B-00C04F79EFBC}") = "PolicyApp.Tests", "PolicyApp.Tests\PolicyApp.Tests.csproj", "{E73E57EE-BFEB-429B-B37F-7DD4DFDD71B7}"
EndProject
Global
	GlobalSection(SolutionConfigurationPlatforms) = preSolution
		Debug|Any CPU = Debug|Any CPU
		Release|Any CPU = Release|Any CPU
	EndGlobalSection
	GlobalSection(ProjectConfigurationPlatforms) = postSolution
		{D12D7774-F0C0-473A-AE09-4E4347AAAF50}.Debug|Any CPU.ActiveCfg = Debug|Any CPU
		{D12D7774-F0C0-473A-AE09-4E4347AAAF50}.Debug|Any CPU.Build.0 = Debug|Any CPU
		{D12D7774-F0C0-473A-AE09-4E4347AAAF50}.Release|Any CPU.ActiveCfg = Release|Any CPU
		{D12D7774-F0C0-473A-AE09-4E4347AAAF50}.Release|Any CPU.Build.0 = Release|Any CPU
		{E73E57EE-BFEB-429B-B37F-7DD4DFDD71B7}.Debug|Any CPU.ActiveCfg = Debug|Any CPU
		{E73E57EE-BFEB-429B-B37F-7DD4DFDD71B7}.Debug|Any CPU.Build.0 = Debug|Any CPU
		{E73E57EE-BFEB-429B-B37F-7DD4DFDD71B7}.Release|Any CPU.ActiveCfg = Release|Any CPU
		{E73E57EE-BFEB-429B-B37F-7DD4DFDD71B7}.Release|Any CPU.Build.0 = Release|Any CPU
	EndGlobalSection
	GlobalSection(SolutionProperties) = preSolution
		HideSolutionNode = FALSE
	EndGlobalSection
	GlobalSection(ExtensibilityGlobals) = postSolution
		SolutionGuid = {B484699B-21C1-4EF7-8A46-848CF2C9D6CE}
	EndGlobalSection
EndGlobal
